
Microsoft Visual Studio Solution File, Format Version 12.00
# Visual Studio Version 16
VisualStudioVersion = 16.0.31729.503
MinimumVisualStudioVersion = 10.0.40219.1
Project("{FAE04EC0-301F-11D3-BF4B-00C04F79EFBC}") = "API-AuthTest-Jwt-Header", "API-AuthTest-Jwt-Header\API-AuthTest-Jwt-Header.csproj", "{7D7BEFCC-AFF8-4905-950B-7A8EAD4550E0}"
EndProject
Global
	GlobalSection(SolutionConfigurationPlatforms) = preSolution
		Debug|Any CPU = Debug|Any CPU
		Debug|x64 = Debug|x64
		Release|Any CPU = Release|Any CPU
		Release|x64 = Release|x64
	EndGlobalSection
	GlobalSection(ProjectConfigurationPlatforms) = postSolution
		{7D7BEFCC-AFF8-4905-950B-7A8EAD4550E0}.Debug|Any CPU.ActiveCfg = Debug|Any CPU
		{7D7BEFCC-AFF8-4905-950B-7A8EAD4550E0}.Debug|Any CPU.Build.0 = Debug|Any CPU
		{7D7BEFCC-AFF8-4905-950B-7A8EAD4550E0}.Debug|x64.ActiveCfg = Debug|x64
		{7D7BEFCC-AFF8-4905-950B-7A8EAD4550E0}.Debug|x64.Build.0 = Debug|x64
		{7D7BEFCC-AFF8-4905-950B-7A8EAD4550E0}.Release|Any CPU.ActiveCfg = Release|Any CPU
		{7D7BEFCC-AFF8-4905-950B-7A8EAD4550E0}.Release|Any CPU.Build.0 = Release|Any CPU
		{7D7BEFCC-AFF8-4905-950B-7A8EAD4550E0}.Release|x64.ActiveCfg = Release|x64
		{7D7BEFCC-AFF8-4905-950B-7A8EAD4550E0}.Release|x64.Build.0 = Release|x64
	EndGlobalSection
	GlobalSection(SolutionProperties) = preSolution
		HideSolutionNode = FALSE
	EndGlobalSection
	GlobalSection(ExtensibilityGlobals) = postSolution
		SolutionGuid = {95A902D0-4AC9-418B-A9B4-0592FE4D7CD7}
	EndGlobalSection
EndGlobal
